{
    "name": "hack-your-job-profiles",
    "version": "0.0.1",
    "lockfileVersion": 1,
    "requires": true,
    "dependencies": {
        "ajs": {
            "version": "1.3.0",
            "resolved": "https://registry.npmjs.org/ajs/-/ajs-1.3.0.tgz",
            "integrity": "sha512-tvQaszj5MdKe1RpCjwW9HenIJAyuj018THHpUowDZxK0xUcQtbPIDjwAZP4YPcHl88feKlrp576L8fCMY0uL1g==",
            "dev": true,
            "requires": {
                "idy": "^1.2.3",
                "is-there": "^4.3.3",
                "read-utf8": "^1.2.3",
                "stream-data": "^1.0.0",
                "tilda": "^4.3.1"
            }
        },
        "ansi-parser": {
            "version": "3.2.9",
            "resolved": "https://registry.npmjs.org/ansi-parser/-/ansi-parser-3.2.9.tgz",
            "integrity": "sha512-x2Xyol4vxAfYML/DPVaUZuUon+gXrr94Xk32HZh+omGwwxCeXr4bntDiTNxgPcGLGS091JiVjJ3yYQ/mG2gKPA==",
            "dev": true
        },
        "ansi-regex": {
            "version": "4.1.0",
            "resolved": "https://registry.npmjs.org/ansi-regex/-/ansi-regex-4.1.0.tgz",
            "integrity": "sha512-1apePfXM1UOSqw0o9IiFAovVz9M5S1Dg+4TrDwfMewQ6p/rmMueb7tWZjQ1rx4Loy1ArBggoqGpfqqdI4rondg==",
            "dev": true
        },
        "arrs-to-obj": {
            "version": "1.0.11",
            "resolved": "https://registry.npmjs.org/arrs-to-obj/-/arrs-to-obj-1.0.11.tgz",
            "integrity": "sha512-dAEJnMePe2jmU13C2lwT/ptPNdmpeIz5fHepoika4o7jiWcpr4sjyu+0apx1SrDgrbkQamUJ/72caMg/i1KrKQ==",
            "dev": true
        },
        "auto-parse": {
            "version": "1.7.0",
            "resolved": "https://registry.npmjs.org/auto-parse/-/auto-parse-1.7.0.tgz",
            "integrity": "sha512-PLNPNt2gNRqIom895AsEeUo1HcDjfhDvxHW2pr+pTkTrI9CauqCD5AvYSEJ6tieES0Rb/88HK9+0m83uJNS2zw==",
            "dev": true,
            "requires": {
                "typpy": "2.3.11"
            }
        },
        "balanced-match": {
            "version": "1.0.0",
            "resolved": "https://registry.npmjs.org/balanced-match/-/balanced-match-1.0.0.tgz",
            "integrity": "sha1-ibTRmasr7kneFk6gK4nORi1xt2c=",
            "dev": true
        },
        "barbe": {
            "version": "3.0.15",
            "resolved": "https://registry.npmjs.org/barbe/-/barbe-3.0.15.tgz",
            "integrity": "sha512-v5s2zzHUPAs/vDS/+IdgTOsTFmMz9V6ekwfzFm3E9+Up2k3tY5ksUUw6XvqgOWBhetzM209Tg10VUNKs8tAn8w==",
            "dev": true,
            "requires": {
                "iterate-object": "^1.3.2",
                "regex-escape": "^3.0.0",
                "typpy": "^2.3.1"
            }
        },
        "brace-expansion": {
            "version": "1.1.11",
            "resolved": "https://registry.npmjs.org/brace-expansion/-/brace-expansion-1.1.11.tgz",
            "integrity": "sha512-iCuPHDFgrHX7H2vEI/5xpz07zSHB00TpugqhmYtVmMO6518mCuRMoOYFldEBl0g187ufozdaHgWKcYFb61qGiA==",
            "dev": true,
            "requires": {
                "balanced-match": "^1.0.0",
                "concat-map": "0.0.1"
            }
        },
        "browser-stdout": {
            "version": "1.3.1",
            "resolved": "https://registry.npmjs.org/browser-stdout/-/browser-stdout-1.3.1.tgz",
            "integrity": "sha512-qhAVI1+Av2X7qelOfAIYwXONood6XlZE/fXaBSmW/T5SzLAmCgzi+eiWE7fUvbHaeNBQH13UftjpXxsfLkMpgw==",
            "dev": true
        },
        "camelo": {
            "version": "1.1.12",
            "resolved": "https://registry.npmjs.org/camelo/-/camelo-1.1.12.tgz",
            "integrity": "sha512-qyY6IgFJUglfYeyL5drpjFMbaRjFRTTFeYRmoSkOCf+lazypMz3IcZk4HaE2NZra/b9XdSQi2W01HmaZymNoxA==",
            "dev": true,
            "requires": {
                "regex-escape": "^3.3.0",
                "uc-first-array": "^1.0.0"
            }
        },
        "cli-box": {
            "version": "6.0.9",
            "resolved": "https://registry.npmjs.org/cli-box/-/cli-box-6.0.9.tgz",
            "integrity": "sha512-ypEsJxO2gUdUyZCinPB1gP8Amhzo0akC/HbCVk9JAYNlY3Z9KgfTEduZrckIGjWE6XKPoPhFPWzwmQ5gc4DaRA==",
            "dev": true,
            "requires": {
                "ansi-parser": "^3.2.1",
                "deffy": "^2.2.1",
                "is-undefined": "^1.0.0",
                "is-win": "^1.0.0",
                "ul": "^5.2.1"
            }
        },
        "clp": {
            "version": "4.0.11",
            "resolved": "https://registry.npmjs.org/clp/-/clp-4.0.11.tgz",
            "integrity": "sha512-Fz32XEFFaS1abdIYxZTzLKNmkQTAJ2hGfZZfFlvLRhYczXR9ElOOTqKjwTrMnoQHR4dT1VzGmDWnwdDlcQesiA==",
            "dev": true,
            "requires": {
                "is-number": "^2.1.0",
                "last-char": "^1.3.1",
                "match-it": "^1.0.0"
            }
        },
        "commander": {
            "version": "2.15.1",
            "resolved": "https://registry.npmjs.org/commander/-/commander-2.15.1.tgz",
            "integrity": "sha512-VlfT9F3V0v+jr4yxPc5gg9s62/fIVWsd2Bk2iD435um1NlGMYdVCq+MjcXnhYq2icNOizHr1kK+5TI6H0Hy0ag==",
            "dev": true
        },
        "concat-map": {
            "version": "0.0.1",
            "resolved": "https://registry.npmjs.org/concat-map/-/concat-map-0.0.1.tgz",
            "integrity": "sha1-2Klr13/Wjfd5OnMDajug1UBdR3s=",
            "dev": true
        },
        "couleurs": {
            "version": "5.0.0",
            "resolved": "https://registry.npmjs.org/couleurs/-/couleurs-5.0.0.tgz",
            "integrity": "sha1-HNOs5cyhvsAEFXiydGSyZ2OH9ts=",
            "dev": true,
            "requires": {
                "flat-colors": "3.0.0",
                "typpy": "2.0.0",
                "x256": "0.0.2"
            },
            "dependencies": {
                "typpy": {
                    "version": "2.0.0",
                    "resolved": "https://registry.npmjs.org/typpy/-/typpy-2.0.0.tgz",
                    "integrity": "sha1-re87rMEv9Hr/kg+rA6j/MnnXN9Y=",
                    "dev": true
                }
            }
        },
        "debug": {
            "version": "3.1.0",
            "resolved": "https://registry.npmjs.org/debug/-/debug-3.1.0.tgz",
            "integrity": "sha512-OX8XqP7/1a9cqkxYw2yXss15f26NKWBpDXQd0/uK/KPqdQhxbPa994hnzjcE2VqQpDslf55723cKPUOGSmMY3g==",
            "dev": true,
            "requires": {
                "ms": "2.0.0"
            }
        },
        "debug-mode": {
            "version": "1.0.9",
            "resolved": "https://registry.npmjs.org/debug-mode/-/debug-mode-1.0.9.tgz",
            "integrity": "sha512-1CFFQERgHsIUVaHAYMaj6X+/LDWGvacuxaiLF1sUa1wfSzQoMvNyEgnFkawN4vxINTgdwD4aM4drsTh3C4izew==",
            "dev": true,
            "requires": {
                "semver": "^5.3.0"
            }
        },
        "deffy": {
            "version": "2.2.3",
            "resolved": "https://registry.npmjs.org/deffy/-/deffy-2.2.3.tgz",
            "integrity": "sha512-c5JD8Z6V1aBWVzn1+aELL97R1pHCwEjXeU3hZXdigkZkxb9vhgFP162kAxGXl992TtAg0btwQyx7d54CqcQaXQ==",
            "dev": true,
            "requires": {
                "typpy": "^2.0.0"
            }
        },
        "diff": {
            "version": "3.5.0",
            "resolved": "https://registry.npmjs.org/diff/-/diff-3.5.0.tgz",
            "integrity": "sha512-A46qtFgd+g7pDZinpnwiRJtxbC1hpgf0uzP3iG89scHk0AUC7A1TGxf5OiiOUv/JMZR8GOt8hL900hV0bOy5xA==",
            "dev": true
        },
        "err": {
            "version": "2.1.11",
            "resolved": "https://registry.npmjs.org/err/-/err-2.1.11.tgz",
            "integrity": "sha512-Q20RepiFUNwyuZm37CwKHp0Jub3OJEyI7ZLM8AWDLJPW2WJlL7fruuC4WlERqVqkdISv7a3h3g89vzuHKVrYeg==",
            "dev": true,
            "requires": {
                "barbe": "^3.0.4",
                "iterate-object": "^1.3.1",
                "typpy": "^2.2.0"
            }
        },
        "escape-string-regexp": {
            "version": "1.0.5",
            "resolved": "https://registry.npmjs.org/escape-string-regexp/-/escape-string-regexp-1.0.5.tgz",
            "integrity": "sha1-G2HAViGQqN/2rjuyzwIAyhMLhtQ=",
            "dev": true
        },
        "flat-colors": {
            "version": "3.0.0",
            "resolved": "https://registry.npmjs.org/flat-colors/-/flat-colors-3.0.0.tgz",
            "integrity": "sha1-JTqxojmJwyHxOwrNS/c//0By7Lc=",
            "dev": true
        },
        "fs.realpath": {
            "version": "1.0.0",
            "resolved": "https://registry.npmjs.org/fs.realpath/-/fs.realpath-1.0.0.tgz",
            "integrity": "sha1-FQStJSMVjKpA20onh8sBQRmU6k8=",
            "dev": true
        },
        "function.name": {
            "version": "1.0.12",
            "resolved": "https://registry.npmjs.org/function.name/-/function.name-1.0.12.tgz",
            "integrity": "sha512-C7Tu+rAFrWW5RjXqtKtXp2xOdCujq+4i8ZH3w0uz/xrYHBwXZrPt96x8cDAEHrIjeyEv/Jm6iDGyqupbaVQTlw==",
            "dev": true,
            "requires": {
                "noop6": "^1.0.1"
            }
        },
        "glob": {
            "version": "7.1.2",
            "resolved": "https://registry.npmjs.org/glob/-/glob-7.1.2.tgz",
            "integrity": "sha512-MJTUg1kjuLeQCJ+ccE4Vpa6kKVXkPYJ2mOCQyUuKLcLQsdrMCpBPUi8qVE6+YuaJkozeA9NusTAw3hLr8Xe5EQ==",
            "dev": true,
            "requires": {
                "fs.realpath": "^1.0.0",
                "inflight": "^1.0.4",
                "inherits": "2",
                "minimatch": "^3.0.4",
                "once": "^1.3.0",
                "path-is-absolute": "^1.0.0"
            }
        },
        "growl": {
            "version": "1.10.5",
            "resolved": "https://registry.npmjs.org/growl/-/growl-1.10.5.tgz",
            "integrity": "sha512-qBr4OuELkhPenW6goKVXiv47US3clb3/IbuWF9KNKEijAy9oeHxU9IgzjvJhHkUzhaj7rOUD7+YGWqUjLp5oSA==",
            "dev": true
        },
        "has-flag": {
            "version": "3.0.0",
            "resolved": "https://registry.npmjs.org/has-flag/-/has-flag-3.0.0.tgz",
            "integrity": "sha1-tdRU3CGZriJWmfNGfloH87lVuv0=",
            "dev": true
        },
        "he": {
            "version": "1.1.1",
            "resolved": "https://registry.npmjs.org/he/-/he-1.1.1.tgz",
            "integrity": "sha1-k0EP0hsAlzUVH4howvJx80J+I/0=",
            "dev": true
        },
        "idy": {
            "version": "1.2.9",
            "resolved": "https://registry.npmjs.org/idy/-/idy-1.2.9.tgz",
            "integrity": "sha512-LA5nUAfhj77gbjmMUouRPUdP7+DCycJirbt5h5HYOTVlegEPteOTa4GALDbe/KOqXBiVpAN7qszLM42XpIh1KQ==",
            "dev": true
        },
        "indento": {
            "version": "1.1.12",
            "resolved": "https://registry.npmjs.org/indento/-/indento-1.1.12.tgz",
            "integrity": "sha512-hWlFlRL6dd06MU5SsOZZ6kzO7t/7ZjcxWh1Yf/MjGtyKQMC8SPS5GbZ2XqMBGaGn+HM2QQawYxSLtS7Zv0w0BQ==",
            "dev": true
        },
        "inflight": {
            "version": "1.0.6",
            "resolved": "https://registry.npmjs.org/inflight/-/inflight-1.0.6.tgz",
            "integrity": "sha1-Sb1jMdfQLQwJvJEKEHW6gWW1bfk=",
            "dev": true,
            "requires": {
                "once": "^1.3.0",
                "wrappy": "1"
            }
        },
        "inherits": {
            "version": "2.0.4",
            "resolved": "https://registry.npmjs.org/inherits/-/inherits-2.0.4.tgz",
            "integrity": "sha512-k/vGaX4/Yla3WzyMCvTQOXYeIHvqOKtnqBduzTHpzpQZzAskKMhZ2K+EnBiSM9zGSoIFeMpXKxa4dYeZIQqewQ==",
            "dev": true
        },
        "is-buffer": {
            "version": "1.1.6",
            "resolved": "https://registry.npmjs.org/is-buffer/-/is-buffer-1.1.6.tgz",
            "integrity": "sha512-NcdALwpXkTm5Zvvbk7owOUSvVvBKDgKP5/ewfXEznmQFfs4ZRmanOeKBTjRVjka3QFoN6XJ+9F3USqfHqTaU5w==",
            "dev": true
        },
        "is-empty-obj": {
            "version": "1.0.11",
            "resolved": "https://registry.npmjs.org/is-empty-obj/-/is-empty-obj-1.0.11.tgz",
            "integrity": "sha512-CkH0kdsaR1Ws5xaV19xCmB+b+Jhsspt9TlQ47DICn8UZmRiaqbpl3tk4AiWcZgQH6Eh8mVpKw8E161uIMCGrxA==",
            "dev": true
        },
        "is-number": {
            "version": "2.1.0",
            "resolved": "https://registry.npmjs.org/is-number/-/is-number-2.1.0.tgz",
            "integrity": "sha1-Afy7s5NGOlSPL0ZszhbezknbkI8=",
            "dev": true,
            "requires": {
                "kind-of": "^3.0.2"
            }
        },
        "is-there": {
            "version": "4.4.4",
            "resolved": "https://registry.npmjs.org/is-there/-/is-there-4.4.4.tgz",
            "integrity": "sha512-WbEGbR5i/vSLJ/cc72kVCoM0RvKWmtmPpRXriNlhsredolym2aSTHZA02IzvDR5ewmwD0V6e9S3s9aHs6Ygw5A==",
            "dev": true
        },
        "is-undefined": {
            "version": "1.0.10",
            "resolved": "https://registry.npmjs.org/is-undefined/-/is-undefined-1.0.10.tgz",
            "integrity": "sha512-hMauRkt6V5toiszSuYtQFwRHRW1nrv8nhhgVEImNpxaBV6nJsHU9hT9g9YPabnN7aY6S1Lcg+1WF2GshniuSoQ==",
            "dev": true
        },
        "is-win": {
            "version": "1.0.9",
            "resolved": "https://registry.npmjs.org/is-win/-/is-win-1.0.9.tgz",
            "integrity": "sha512-YRT/Lz4mMDl11TgyicW+EQdfkswgmd0PWSmf4612ZDe1A0uAz9vkWxHA+87ZoP2f3PUmpNuNdW6ZD8QQOX4nwA==",
            "dev": true
        },
        "iterate-object": {
            "version": "1.3.3",
            "resolved": "https://registry.npmjs.org/iterate-object/-/iterate-object-1.3.3.tgz",
            "integrity": "sha512-DximWbkke36cnrSfNJv6bgcB2QOMV9PRD2FiowwzCoMsh8RupFLdbNIzWe+cVDWT+NIMNJgGlB1dGxP6kpzGtA==",
            "dev": true
        },
        "kind-of": {
            "version": "3.2.2",
            "resolved": "https://registry.npmjs.org/kind-of/-/kind-of-3.2.2.tgz",
            "integrity": "sha1-MeohpzS6ubuw8yRm2JOupR5KPGQ=",
            "dev": true,
            "requires": {
                "is-buffer": "^1.1.5"
            }
        },
        "last-char": {
            "version": "1.3.10",
            "resolved": "https://registry.npmjs.org/last-char/-/last-char-1.3.10.tgz",
            "integrity": "sha512-zhc7uLX5Sl0GK82ESHWpLPSmL21PSDeBkksExu+DgicmiNr0wv33oR3Nb8wT3Mxv3G15D5i1+atkUIKDR5Kvaw==",
            "dev": true
        },
        "le-table": {
            "version": "6.1.9",
            "resolved": "https://registry.npmjs.org/le-table/-/le-table-6.1.9.tgz",
            "integrity": "sha512-14d25kaK1uSOyAIarbeUgJYwaUgKYyQ6jIz2uvPmj6H0UpEbHaUPboduQsICVpBfTOHyG+99UTRS/+gafLp6wA==",
            "dev": true,
            "requires": {
                "ansi-parser": "^3.2.1",
                "cli-box": "^6.0.0",
                "overlap": "^2.2.1",
                "ul": "^5.2.1"
            }
        },
        "match-it": {
            "version": "1.0.8",
            "resolved": "https://registry.npmjs.org/match-it/-/match-it-1.0.8.tgz",
            "integrity": "sha512-EO2Orjzi81HUZTWSqrb6qByj6ulEAS3jXxrQFm5Z00YC8Syk3O0cYtc2JFg+EcguUC8lQ43L+8RV0K2yrxDWYg==",
            "dev": true
        },
        "minimatch": {
            "version": "3.0.4",
            "resolved": "https://registry.npmjs.org/minimatch/-/minimatch-3.0.4.tgz",
            "integrity": "sha512-yJHVQEhyqPLUTgt9B83PXu6W3rx4MvvHvSUvToogpwoGDOUQ+yDrR0HRot+yOCdCO7u4hX3pWft6kWBBcqh0UA==",
            "dev": true,
            "requires": {
                "brace-expansion": "^1.1.7"
            }
        },
        "minimist": {
            "version": "0.0.8",
            "resolved": "https://registry.npmjs.org/minimist/-/minimist-0.0.8.tgz",
            "integrity": "sha1-hX/Kv8M5fSYluCKCYuhqp6ARsF0=",
            "dev": true
        },
        "mkdirp": {
            "version": "0.5.1",
            "resolved": "https://registry.npmjs.org/mkdirp/-/mkdirp-0.5.1.tgz",
            "integrity": "sha1-MAV0OOrGz3+MR2fzhkjWaX11yQM=",
            "dev": true,
            "requires": {
                "minimist": "0.0.8"
            }
        },
        "mocha": {
            "version": "5.2.0",
            "resolved": "https://registry.npmjs.org/mocha/-/mocha-5.2.0.tgz",
            "integrity": "sha512-2IUgKDhc3J7Uug+FxMXuqIyYzH7gJjXECKe/w43IGgQHTSj3InJi+yAA7T24L9bQMRKiUEHxEX37G5JpVUGLcQ==",
            "dev": true,
            "requires": {
                "browser-stdout": "1.3.1",
                "commander": "2.15.1",
                "debug": "3.1.0",
                "diff": "3.5.0",
                "escape-string-regexp": "1.0.5",
                "glob": "7.1.2",
                "growl": "1.10.5",
                "he": "1.1.1",
                "minimatch": "3.0.4",
                "mkdirp": "0.5.1",
                "supports-color": "5.4.0"
            }
        },
        "ms": {
            "version": "2.0.0",
            "resolved": "https://registry.npmjs.org/ms/-/ms-2.0.0.tgz",
            "integrity": "sha1-VgiurfwAvmwpAd9fmGF4jeDVl8g=",
            "dev": true
        },
        "noop6": {
            "version": "1.0.8",
            "resolved": "https://registry.npmjs.org/noop6/-/noop6-1.0.8.tgz",
            "integrity": "sha512-+Al5csMVc40I8xRfJsyBcN1IbpyvebOuQmMfxdw+AL6ECELey12ANgNTRhMfTwNIDU4W9W0g8EHLcsb3+3qPFA==",
            "dev": true
        },
        "once": {
            "version": "1.4.0",
            "resolved": "https://registry.npmjs.org/once/-/once-1.4.0.tgz",
            "integrity": "sha1-WDsap3WWHUsROsF9nFC6753Xa9E=",
            "dev": true,
            "requires": {
                "wrappy": "1"
            }
        },
        "overlap": {
            "version": "2.2.9",
            "resolved": "https://registry.npmjs.org/overlap/-/overlap-2.2.9.tgz",
            "integrity": "sha512-rKrKOAkS9aa7LrIx4ttXMe/VgriDA/+xlTtxwiUcvXLqkpJLeyvqHBY28tm2i0Np6PFjw74utUHtnedyL9qF4A==",
            "dev": true,
            "requires": {
                "ansi-parser": "3.0.0",
                "cli-box": "5.0.0",
                "couleurs": "5.0.0"
            },
            "dependencies": {
                "ansi-parser": {
                    "version": "3.0.0",
                    "resolved": "https://registry.npmjs.org/ansi-parser/-/ansi-parser-3.0.0.tgz",
                    "integrity": "sha1-lFwOcjLK9WdSFzdbPriJIAjBRik=",
                    "dev": true
                },
                "cli-box": {
                    "version": "5.0.0",
                    "resolved": "https://registry.npmjs.org/cli-box/-/cli-box-5.0.0.tgz",
                    "integrity": "sha1-hw6oqnfnwlF5QWzsz+XtBpCARgI=",
                    "dev": true,
                    "requires": {
                        "ansi-parser": "3.0.0",
                        "ul": "5.0.0"
                    }
                },
                "deffy": {
                    "version": "2.0.0",
                    "resolved": "https://registry.npmjs.org/deffy/-/deffy-2.0.0.tgz",
                    "integrity": "sha1-+C4I7qUYxKCjCx8D7FBNJIryiTI=",
                    "dev": true,
                    "requires": {
                        "typpy": "^2.0.0"
                    }
                },
                "typpy": {
                    "version": "2.0.0",
                    "resolved": "https://registry.npmjs.org/typpy/-/typpy-2.0.0.tgz",
                    "integrity": "sha1-re87rMEv9Hr/kg+rA6j/MnnXN9Y=",
                    "dev": true
                },
                "ul": {
                    "version": "5.0.0",
                    "resolved": "https://registry.npmjs.org/ul/-/ul-5.0.0.tgz",
                    "integrity": "sha1-yoDXkwJfP9Xcm/g0aYGNMQp8mmI=",
                    "dev": true,
                    "requires": {
                        "deffy": "2.0.0",
                        "typpy": "2.0.0"
                    }
                }
            }
        },
        "path-is-absolute": {
            "version": "1.0.1",
            "resolved": "https://registry.npmjs.org/path-is-absolute/-/path-is-absolute-1.0.1.tgz",
            "integrity": "sha1-F0uSaHNVNP+8es5r9TpanhtcX18=",
            "dev": true
        },
        "prompt-sync": {
            "version": "4.1.7",
            "resolved": "https://registry.npmjs.org/prompt-sync/-/prompt-sync-4.1.7.tgz",
            "integrity": "sha512-EPdLWdZCgNAxF8haGg1CKOL/F5KZiRtuqgoWc1EGefX+fX+5qsB8vI52+qzl1jgADO6AiLaIcioicxRgQEy5xA==",
            "dev": true,
            "requires": {
                "strip-ansi": "^5.0.0"
            }
        },
        "promptify": {
            "version": "1.0.1",
            "resolved": "https://registry.npmjs.org/promptify/-/promptify-1.0.1.tgz",
            "integrity": "sha1-Z8KbwssmG3hOMbclJYxSGUDa3wU=",
            "dev": true,
            "requires": {
                "is-win": "^1.0.4",
                "ul": "^5.2.9"
            }
        },
        "r-json": {
            "version": "1.2.9",
            "resolved": "https://registry.npmjs.org/r-json/-/r-json-1.2.9.tgz",
            "integrity": "sha512-E5u25XBE7PpZmH5XwtthAmNvSLMTygDQMpcPtCTUBdvwPaqgIYJrxlRQJhG55Sgz7uC0Tuyh5nqNrsDT3uiefA==",
            "dev": true
        },
        "read-utf8": {
            "version": "1.2.9",
            "resolved": "https://registry.npmjs.org/read-utf8/-/read-utf8-1.2.9.tgz",
            "integrity": "sha512-I6ctLZL+M9fEACC9nwMxwaq0jKzhIjjohEOQ8ROFoyD70xcjiwQGkecu7MEq6n2v4nJg+CUKNmD1qYvtT9YoPA==",
            "dev": true
        },
        "regex-escape": {
            "version": "3.4.9",
            "resolved": "https://registry.npmjs.org/regex-escape/-/regex-escape-3.4.9.tgz",
            "integrity": "sha512-Cv9rjwyQwVhn3L097ysanWsEElurmxDj6Cc4Ut23z7e6hzRbrNvF3Le7yAciMfuzyb0sZwSr0ZHunMNCIoy2/g==",
            "dev": true
        },
        "remove-blank-lines": {
            "version": "1.1.1",
            "resolved": "https://registry.npmjs.org/remove-blank-lines/-/remove-blank-lines-1.1.1.tgz",
            "integrity": "sha512-F7XLlHX/OgHkNB8Ei/gY47icu73JLVtTiaEn6M4+Jg/D0NGOQVAar1PtWpfTCkGGNnvoxWW8tjaYgpuHUsNW4A==",
            "dev": true,
            "requires": {
                "mocha": "^5.0.4"
            }
        },
        "semver": {
            "version": "5.7.0",
            "resolved": "https://registry.npmjs.org/semver/-/semver-5.7.0.tgz",
            "integrity": "sha512-Ya52jSX2u7QKghxeoFGpLwCtGlt7j0oY9DYb5apt9nPlJ42ID+ulTXESnt/qAQcoSERyZ5sl3LDIOw0nAn/5DA==",
            "dev": true
        },
        "stream-data": {
            "version": "1.0.7",
            "resolved": "https://registry.npmjs.org/stream-data/-/stream-data-1.0.7.tgz",
            "integrity": "sha512-aZoQ7xmNZTSW3VKWy9M/qAqAhKrIbppAY5WTZ+7oKZhtoTezUlE0DXyTnJ0dBxegkS96Kx0pqCjcMyKJsOswPQ==",
            "dev": true
        },
        "strip-ansi": {
            "version": "5.2.0",
            "resolved": "https://registry.npmjs.org/strip-ansi/-/strip-ansi-5.2.0.tgz",
            "integrity": "sha512-DuRs1gKbBqsMKIZlrffwlug8MHkcnpjs5VPmL1PAh+mA30U0DTotfDZ0d2UUsXpPmPmMMJ6W773MaA3J+lbiWA==",
            "dev": true,
            "requires": {
                "ansi-regex": "^4.1.0"
            }
        },
        "supports-color": {
            "version": "5.4.0",
            "resolved": "https://registry.npmjs.org/supports-color/-/supports-color-5.4.0.tgz",
            "integrity": "sha512-zjaXglF5nnWpsq470jSv6P9DwPvgLkuapYmfDm3JWOm0vkNTVF2tI4UrN2r6jH1qM/uc/WtxYY1hYoA2dOKj5w==",
            "dev": true,
            "requires": {
                "has-flag": "^3.0.0"
            }
        },
        "tilda": {
            "version": "4.4.14",
            "resolved": "https://registry.npmjs.org/tilda/-/tilda-4.4.14.tgz",
            "integrity": "sha512-UWVy1LlgZ/z/ARvAzqvfoGLZO5dWE5YWKTJ6BT5He0pMD1CXsjJadXR6h3rpNKcbf1YA3anVFYKC9SPC7qjY5Q==",
            "dev": true,
            "requires": {
                "ansi-parser": "^3.2.1",
                "arrs-to-obj": "^1.0.0",
                "auto-parse": "^1.2.0",
                "camelo": "^1.1.2",
                "clp": "^4.0.0",
                "debug-mode": "^1.0.0",
                "deffy": "^2.2.1",
                "err": "^2.1.0",
                "indento": "^1.1.1",
                "is-empty-obj": "^1.0.1",
                "is-undefined": "^1.0.0",
                "iterate-object": "^1.3.2",
                "le-table": "^6.1.0",
                "prompt-sync": "^4.1.4",
                "promptify": "^1.0.0",
                "r-json": "^1.2.1",
                "remove-blank-lines": "^1.0.1",
                "typpy": "^2.3.1",
                "ul": "^5.2.1",
                "wrap-text": "^1.0.0"
            }
        },
        "typpy": {
            "version": "2.3.11",
            "resolved": "https://registry.npmjs.org/typpy/-/typpy-2.3.11.tgz",
            "integrity": "sha512-Jh/fykZSaxeKO0ceMAs6agki9T5TNA9kiIR6fzKbvafKpIw8UlNlHhzuqKyi5lfJJ5VojJOx9tooIbyy7vHV/g==",
            "dev": true,
            "requires": {
                "function.name": "^1.0.3"
            }
        },
        "uc-first-array": {
            "version": "1.1.9",
            "resolved": "https://registry.npmjs.org/uc-first-array/-/uc-first-array-1.1.9.tgz",
            "integrity": "sha512-RHBUloM1Onz7ZKplDU0FWIXWHxU8Ylztw/ORsFY/py6If5B+8PWd39j9ll+i8jUaAAs2Rs2lKMbxvm4u8Q2dbg==",
            "dev": true,
            "requires": {
                "ucfirst": "^1.0.0"
            }
        },
        "ucfirst": {
            "version": "1.0.0",
            "resolved": "https://registry.npmjs.org/ucfirst/-/ucfirst-1.0.0.tgz",
            "integrity": "sha1-ThBbZEjQXiZOzsQ14LkZNjxfLy8=",
            "dev": true
        },
        "ul": {
            "version": "5.2.14",
            "resolved": "https://registry.npmjs.org/ul/-/ul-5.2.14.tgz",
            "integrity": "sha512-VaIRQZ5nkEd8VtI3OYo5qNbhHQuBtPtu5k5GrYaKCmcP1H+FkuWtS+XFTSU1oz5GiuAg2FJL5ka8ufr9zdm8eg==",
            "dev": true,
            "requires": {
                "deffy": "^2.2.2",
                "typpy": "^2.3.4"
            }
        },
        "wrap-text": {
            "version": "1.0.8",
            "resolved": "https://registry.npmjs.org/wrap-text/-/wrap-text-1.0.8.tgz",
            "integrity": "sha512-trmZLGAm8DE+uYrrUH6xHiLT/CXMfEGGE5kDJWIyZygI9i6b1eNS2JjnjOwBoYA6RJbtuSB/d3Ae2BUfpiVDiw==",
            "dev": true
        },
        "wrappy": {
            "version": "1.0.2",
            "resolved": "https://registry.npmjs.org/wrappy/-/wrappy-1.0.2.tgz",
            "integrity": "sha1-tSQ9jz7BqjXxNkYFvA0QNuMKtp8=",
            "dev": true
        },
        "x256": {
            "version": "0.0.2",
            "resolved": "https://registry.npmjs.org/x256/-/x256-0.0.2.tgz",
            "integrity": "sha1-ya8Yh296F1gB1WT+cK2egxd4STQ=",
            "dev": true
        }
    }
}
